
Microsoft Visual Studio Solution File, Format Version 12.00
# Visual Studio Version 16
VisualStudioVersion = 16.0.30503.244
MinimumVisualStudioVersion = 10.0.40219.1
Project("{FAE04EC0-301F-11D3-BF4B-00C04F79EFBC}") = "FrostByte", "FrostByte\FrostByte.csproj", "{AF8B048E-159C-4129-895A-A3B7DF5E037B}"
EndProject
Global
	GlobalSection(SolutionConfigurationPlatforms) = preSolution
		Debug|Any CPU = Debug|Any CPU
		Release|Any CPU = Release|Any CPU
	EndGlobalSection
	GlobalSection(ProjectConfigurationPlatforms) = postSolution
		{AF8B048E-159C-4129-895A-A3B7DF5E037B}.Debug|Any CPU.ActiveCfg = Debug|Any CPU
		{AF8B048E-159C-4129-895A-A3B7DF5E037B}.Debug|Any CPU.Build.0 = Debug|Any CPU
		{AF8B048E-159C-4129-895A-A3B7DF5E037B}.Release|Any CPU.ActiveCfg = Release|Any CPU
		{AF8B048E-159C-4129-895A-A3B7DF5E037B}.Release|Any CPU.Build.0 = Release|Any CPU
	EndGlobalSection
	GlobalSection(SolutionProperties) = preSolution
		HideSolutionNode = FALSE
	EndGlobalSection
	GlobalSection(ExtensibilityGlobals) = postSolution
		SolutionGuid = {7AF38DEB-210C-4338-8E05-9F19152D6655}
	EndGlobalSection
EndGlobal
